{
  "name": "demo",
  "version": "1.0.0",
  "lockfileVersion": 3,
  "requires": true,
  "packages": {
    "": {
      "name": "demo",
      "version": "1.0.0",
      "license": "ISC",
      "dependencies": {
        "ajv-napi": "^0.2.8"
      }
    },
    "node_modules/@gauravsaini/ajv-napi-darwin-arm64": {
      "version": "0.2.8",
      "resolved": "https://registry.npmjs.org/@gauravsaini/ajv-napi-darwin-arm64/-/ajv-napi-darwin-arm64-0.2.8.tgz",
      "integrity": "sha512-sWg1dDpz2hgLavI8es83QAXYAb37xwF+wA9F6UhGo4TjSrbHf8J/2u0UopwLS1Ne3Z5OTa1ZxaJlgNpluFkLwA==",
      "cpu": [
        "arm64"
      ],
      "license": "MIT",
      "optional": true,
      "os": [
        "darwin"
      ],
      "engines": {
        "node": ">= 16"
      }
    },
    "node_modules/@gauravsaini/ajv-napi-darwin-x64": {
      "version": "0.2.8",
      "resolved": "https://registry.npmjs.org/@gauravsaini/ajv-napi-darwin-x64/-/ajv-napi-darwin-x64-0.2.8.tgz",
      "integrity": "sha512-RrnZgJ+Kiy7q03xFmtvNH+/vYTE4KQTt6K9WCuGuaVIZiQ7777JQ32oJYEGdxldWEQWBsBPsfRLcSNFRPt5CBw==",
      "cpu": [
        "x64"
      ],
      "license": "MIT",
      "optional": true,
      "os": [
        "darwin"
      ],
      "engines": {
        "node": ">= 16"
      }
    },
    "node_modules/@gauravsaini/ajv-napi-win32-arm64-msvc": {
      "version": "0.2.8",
      "resolved": "https://registry.npmjs.org/@gauravsaini/ajv-napi-win32-arm64-msvc/-/ajv-napi-win32-arm64-msvc-0.2.8.tgz",
      "integrity": "sha512-E1huioM2f8DXgpvr7Q0HgB6JKE8DkhuhybFV+I7nottVQLnW3U2KXX0Ky64r3xjLEcwSX3G76tMvxhUv5uOleQ==",
      "cpu": [
        "arm64"
      ],
      "license": "MIT",
      "optional": true,
      "os": [
        "win32"
      ],
      "engines": {
        "node": ">= 16"
      }
    },
    "node_modules/@gauravsaini/ajv-napi-win32-x64-msvc": {
      "version": "0.2.8",
      "resolved": "https://registry.npmjs.org/@gauravsaini/ajv-napi-win32-x64-msvc/-/ajv-napi-win32-x64-msvc-0.2.8.tgz",
      "integrity": "sha512-mGpqD3mhBsNiTiyyY255XY6IcG9ek5Siej8M8BpB59rhFwCZLxRAkWMTcfRBtIW5qqOhBRZzgUt6mmc4hj5ulw==",
      "cpu": [
        "x64"
      ],
      "license": "MIT",
      "optional": true,
      "os": [
        "win32"
      ],
      "engines": {
        "node": ">= 16"
      }
    },
    "node_modules/ajv-napi": {
      "version": "0.2.8",
      "resolved": "https://registry.npmjs.org/ajv-napi/-/ajv-napi-0.2.8.tgz",
      "integrity": "sha512-rLn0lNf8mEYNb2+tQ9mmlf6Wu0PkMZsc8iYR48eqm3z4JNwSIpWT0Zklnzpm2lsTBEuEPjmff5k/UlATcATisg==",
      "license": "MIT",
      "engines": {
        "node": ">= 16"
      },
      "optionalDependencies": {
        "@gauravsaini/ajv-napi-darwin-arm64": "0.2.8",
        "@gauravsaini/ajv-napi-darwin-x64": "0.2.8",
        "@gauravsaini/ajv-napi-linux-arm64-gnu": "0.2.8",
        "@gauravsaini/ajv-napi-linux-arm64-musl": "0.2.8",
        "@gauravsaini/ajv-napi-linux-x64-gnu": "0.2.8",
        "@gauravsaini/ajv-napi-win32-arm64-msvc": "0.2.8",
        "@gauravsaini/ajv-napi-win32-x64-msvc": "0.2.8"
      }
    }
  }
}
